// !$*UTF8*$!
{
	archiveVersion = 1;
	classes = {
	};
	objectVersion = 48;
	objects = {

/* Begin PBXBuildFile section */
		5E21D496209F208900E0FD16 /* wallBubbleGame.png in Resources */ = {isa = PBXBuildFile; fileRef = 5E21D495209F208900E0FD16 /* wallBubbleGame.png */; };
		5E34CAAB20A0000E00B0CBA8 /* ViewCotrollerResults.swift in Sources */ = {isa = PBXBuildFile; fileRef = 5E34CAAA20A0000E00B0CBA8 /* ViewCotrollerResults.swift */; };
		5E54A10C209FE18800500D51 /* ViewControllerSettings.swift in Sources */ = {isa = PBXBuildFile; fileRef = 5E54A10B209FE18800500D51 /* ViewControllerSettings.swift */; };
		5E8C4D9F2090DD04007B66B0 /* AppDelegate.swift in Sources */ = {isa = PBXBuildFile; fileRef = 5E8C4D9E2090DD04007B66B0 /* AppDelegate.swift */; };
		5E8C4DA12090DD04007B66B0 /* ViewController.swift in Sources */ = {isa = PBXBuildFile; fileRef = 5E8C4DA02090DD04007B66B0 /* ViewController.swift */; };
		5E8C4DA42090DD04007B66B0 /* Main.storyboard in Resources */ = {isa = PBXBuildFile; fileRef = 5E8C4DA22090DD04007B66B0 /* Main.storyboard */; };
		5E8C4DA62090DD06007B66B0 /* Assets.xcassets in Resources */ = {isa = PBXBuildFile; fileRef = 5E8C4DA52090DD06007B66B0 /* Assets.xcassets */; };
		5E8C4DA92090DD06007B66B0 /* LaunchScreen.storyboard in Resources */ = {isa = PBXBuildFile; fileRef = 5E8C4DA72090DD06007B66B0 /* LaunchScreen.storyboard */; };
		5EB01DF4209FEE60008C355A /* ViewControllerStart.swift in Sources */ = {isa = PBXBuildFile; fileRef = 5EB01DF3209FEE60008C355A /* ViewControllerStart.swift */; };
		5EE506662096E5B600FBBCD0 /* blackBubble.png in Resources */ = {isa = PBXBuildFile; fileRef = 5EE506612096E5B500FBBCD0 /* blackBubble.png */; };
		5EE506672096E5B600FBBCD0 /* redBubble.png in Resources */ = {isa = PBXBuildFile; fileRef = 5EE506622096E5B600FBBCD0 /* redBubble.png */; };
		5EE506682096E5B600FBBCD0 /* blueBubble.png in Resources */ = {isa = PBXBuildFile; fileRef = 5EE506632096E5B600FBBCD0 /* blueBubble.png */; };
		5EE506692096E5B600FBBCD0 /* pinkBubble.png in Resources */ = {isa = PBXBuildFile; fileRef = 5EE506642096E5B600FBBCD0 /* pinkBubble.png */; };
		5EE5066A2096E5B600FBBCD0 /* greenBubble.png in Resources */ = {isa = PBXBuildFile; fileRef = 5EE506652096E5B600FBBCD0 /* greenBubble.png */; };
/* End PBXBuildFile section */

/* Begin PBXFileReference section */
		5E21D495209F208900E0FD16 /* wallBubbleGame.png */ = {isa = PBXFileReference; lastKnownFileType = image.png; path = wallBubbleGame.png; sourceTree = "<group>"; };
		5E34CAAA20A0000E00B0CBA8 /* ViewCotrollerResults.swift */ = {isa = PBXFileReference; lastKnownFileType = sourcecode.swift; path = ViewCotrollerResults.swift; sourceTree = "<group>"; };
		5E54A10B209FE18800500D51 /* ViewControllerSettings.swift */ = {isa = PBXFileReference; lastKnownFileType = sourcecode.swift; path = ViewControllerSettings.swift; sourceTree = "<group>"; };
		5E8C4D9B2090DD04007B66B0 /* Buble Game.app */ = {isa = PBXFileReference; explicitFileType = wrapper.application; includeInIndex = 0; path = "Buble Game.app"; sourceTree = BUILT_PRODUCTS_DIR; };
		5E8C4D9E2090DD04007B66B0 /* AppDelegate.swift */ = {isa = PBXFileReference; lastKnownFileType = sourcecode.swift; path = AppDelegate.swift; sourceTree = "<group>"; };
		5E8C4DA02090DD04007B66B0 /* ViewController.swift */ = {isa = PBXFileReference; lastKnownFileType = sourcecode.swift; path = ViewController.swift; sourceTree = "<group>"; xcLanguageSpecificationIdentifier = xcode.lang.swift; };
		5E8C4DA32090DD04007B66B0 /* Base */ = {isa = PBXFileReference; lastKnownFileType = file.storyboard; name = Base; path = Base.lproj/Main.storyboard; sourceTree = "<group>"; };
		5E8C4DA52090DD06007B66B0 /* Assets.xcassets */ = {isa = PBXFileReference; lastKnownFileType = folder.assetcatalog; path = Assets.xcassets; sourceTree = "<group>"; };
		5E8C4DA82090DD06007B66B0 /* Base */ = {isa = PBXFileReference; lastKnownFileType = file.storyboard; name = Base; path = Base.lproj/LaunchScreen.storyboard; sourceTree = "<group>"; };
		5E8C4DAA2090DD06007B66B0 /* Info.plist */ = {isa = PBXFileReference; lastKnownFileType = text.plist.xml; path = Info.plist; sourceTree = "<group>"; };
		5EB01DF3209FEE60008C355A /* ViewControllerStart.swift */ = {isa = PBXFileReference; lastKnownFileType = sourcecode.swift; path = ViewControllerStart.swift; sourceTree = "<group>"; };
		5EE506612096E5B500FBBCD0 /* blackBubble.png */ = {isa = PBXFileReference; lastKnownFileType = image.png; path = blackBubble.png; sourceTree = "<group>"; };
		5EE506622096E5B600FBBCD0 /* redBubble.png */ = {isa = PBXFileReference; lastKnownFileType = image.png; path = redBubble.png; sourceTree = "<group>"; };
		5EE506632096E5B600FBBCD0 /* blueBubble.png */ = {isa = PBXFileReference; lastKnownFileType = image.png; path = blueBubble.png; sourceTree = "<group>"; };
		5EE506642096E5B600FBBCD0 /* pinkBubble.png */ = {isa = PBXFileReference; lastKnownFileType = image.png; path = pinkBubble.png; sourceTree = "<group>"; };
		5EE506652096E5B600FBBCD0 /* greenBubble.png */ = {isa = PBXFileReference; lastKnownFileType = image.png; path = greenBubble.png; sourceTree = "<group>"; };
/* End PBXFileReference section */

/* Begin PBXFrameworksBuildPhase section */
		5E8C4D982090DD04007B66B0 /* Frameworks */ = {
			isa = PBXFrameworksBuildPhase;
			buildActionMask = 2147483647;
			files = (
			);
			runOnlyForDeploymentPostprocessing = 0;
		};
/* End PBXFrameworksBuildPhase section */

/* Begin PBXGroup section */
		5E8C4D922090DD04007B66B0 = {
			isa = PBXGroup;
			children = (
				5E8C4D9D2090DD04007B66B0 /* Buble Game */,
				5E8C4D9C2090DD04007B66B0 /* Products */,
			);
			sourceTree = "<group>";
		};
		5E8C4D9C2090DD04007B66B0 /* Products */ = {
			isa = PBXGroup;
			children = (
				5E8C4D9B2090DD04007B66B0 /* Buble Game.app */,
			);
			name = Products;
			sourceTree = "<group>";
		};
		5E8C4D9D2090DD04007B66B0 /* Buble Game */ = {
			isa = PBXGroup;
			children = (
				5E8C4D9E2090DD04007B66B0 /* AppDelegate.swift */,
				5E8C4DA22090DD04007B66B0 /* Main.storyboard */,
				5EB01DF3209FEE60008C355A /* ViewControllerStart.swift */,
				5E34CAAA20A0000E00B0CBA8 /* ViewCotrollerResults.swift */,
				5E54A10B209FE18800500D51 /* ViewControllerSettings.swift */,
				5E8C4DA02090DD04007B66B0 /* ViewController.swift */,
				5E8C4DA52090DD06007B66B0 /* Assets.xcassets */,
				5E8C4DA72090DD06007B66B0 /* LaunchScreen.storyboard */,
				5E8C4DAA2090DD06007B66B0 /* Info.plist */,
				5E21D495209F208900E0FD16 /* wallBubbleGame.png */,
				5EE506612096E5B500FBBCD0 /* blackBubble.png */,
				5EE506632096E5B600FBBCD0 /* blueBubble.png */,
				5EE506652096E5B600FBBCD0 /* greenBubble.png */,
				5EE506642096E5B600FBBCD0 /* pinkBubble.png */,
				5EE506622096E5B600FBBCD0 /* redBubble.png */,
			);
			path = "Buble Game";
			sourceTree = "<group>";
		};
/* End PBXGroup section */

/* Begin PBXNativeTarget section */
		5E8C4D9A2090DD04007B66B0 /* Buble Game */ = {
			isa = PBXNativeTarget;
			buildConfigurationList = 5E8C4DAD2090DD06007B66B0 /* Build configuration list for PBXNativeTarget "Buble Game" */;
			buildPhases = (
				5E8C4D972090DD04007B66B0 /* Sources */,
				5E8C4D982090DD04007B66B0 /* Frameworks */,
				5E8C4D992090DD04007B66B0 /* Resources */,
			);
			buildRules = (
			);
			dependencies = (
			);
			name = "Buble Game";
			productName = "Buble Game";
			productReference = 5E8C4D9B2090DD04007B66B0 /* Buble Game.app */;
			productType = "com.apple.product-type.application";
		};
/* End PBXNativeTarget section */

/* Begin PBXProject section */
		5E8C4D932090DD04007B66B0 /* Project object */ = {
			isa = PBXProject;
			attributes = {
				LastSwiftUpdateCheck = 0930;
				LastUpgradeCheck = 0930;
				ORGANIZATIONNAME = George;
				TargetAttributes = {
					5E8C4D9A2090DD04007B66B0 = {
						CreatedOnToolsVersion = 9.3;
						ProvisioningStyle = Automatic;
					};
				};
			};
			buildConfigurationList = 5E8C4D962090DD04007B66B0 /* Build configuration list for PBXProject "Buble Game" */;
			compatibilityVersion = "Xcode 8.0";
			developmentRegion = en;
			hasScannedForEncodings = 0;
			knownRegions = (
				en,
				Base,
			);
			mainGroup = 5E8C4D922090DD04007B66B0;
			productRefGroup = 5E8C4D9C2090DD04007B66B0 /* Products */;
			projectDirPath = "";
			projectRoot = "";
			targets = (
				5E8C4D9A2090DD04007B66B0 /* Buble Game */,
			);
		};
/* End PBXProject section */

/* Begin PBXResourcesBuildPhase section */
		5E8C4D992090DD04007B66B0 /* Resources */ = {
			isa = PBXResourcesBuildPhase;
			buildActionMask = 2147483647;
			files = (
				5EE506692096E5B600FBBCD0 /* pinkBubble.png in Resources */,
				5E8C4DA92090DD06007B66B0 /* LaunchScreen.storyboard in Resources */,
				5EE506672096E5B600FBBCD0 /* redBubble.png in Resources */,
				5E8C4DA62090DD06007B66B0 /* Assets.xcassets in Resources */,
				5EE506682096E5B600FBBCD0 /* blueBubble.png in Resources */,
				5E21D496209F208900E0FD16 /* wallBubbleGame.png in Resources */,
				5E8C4DA42090DD04007B66B0 /* Main.storyboard in Resources */,
				5EE506662096E5B600FBBCD0 /* blackBubble.png in Resources */,
				5EE5066A2096E5B600FBBCD0 /* greenBubble.png in Resources */,
			);
			runOnlyForDeploymentPostprocessing = 0;
		};
/* End PBXResourcesBuildPhase section */

/* Begin PBXSourcesBuildPhase section */
		5E8C4D972090DD04007B66B0 /* Sources */ = {
			isa = PBXSourcesBuildPhase;
			buildActionMask = 2147483647;
			files = (
				5E34CAAB20A0000E00B0CBA8 /* ViewCotrollerResults.swift in Sources */,
				5E8C4DA12090DD04007B66B0 /* ViewController.swift in Sources */,
				5EB01DF4209FEE60008C355A /* ViewControllerStart.swift in Sources */,
				5E8C4D9F2090DD04007B66B0 /* AppDelegate.swift in Sources */,
				5E54A10C209FE18800500D51 /* ViewControllerSettings.swift in Sources */,
			);
			runOnlyForDeploymentPostprocessing = 0;
		};
/* End PBXSourcesBuildPhase section */

/* Begin PBXVariantGroup section */
		5E8C4DA22090DD04007B66B0 /* Main.storyboard */ = {
			isa = PBXVariantGroup;
			children = (
				5E8C4DA32090DD04007B66B0 /* Base */,
			);
			name = Main.storyboard;
			sourceTree = "<group>";
		};
		5E8C4DA72090DD06007B66B0 /* LaunchScreen.storyboard */ = {
			isa = PBXVariantGroup;
			children = (
				5E8C4DA82090DD06007B66B0 /* Base */,
			);
			name = LaunchScreen.storyboard;
			sourceTree = "<group>";
		};
/* End PBXVariantGroup section */

/* Begin XCBuildConfiguration section */
		5E8C4DAB2090DD06007B66B0 /* Debug */ = {
			isa = XCBuildConfiguration;
			buildSettings = {
				ALWAYS_SEARCH_USER_PATHS = NO;
				CLANG_ANALYZER_NONNULL = YES;
				CLANG_ANALYZER_NUMBER_OBJECT_CONVERSION = YES_AGGRESSIVE;
				CLANG_CXX_LANGUAGE_STANDARD = "gnu++14";
				CLANG_CXX_LIBRARY = "libc++";
				CLANG_ENABLE_MODULES = YES;
				CLANG_ENABLE_OBJC_ARC = YES;
				CLANG_ENABLE_OBJC_WEAK = YES;
				CLANG_WARN_BLOCK_CAPTURE_AUTORELEASING = YES;
				CLANG_WARN_BOOL_CONVERSION = YES;
				CLANG_WARN_COMMA = YES;
				CLANG_WARN_CONSTANT_CONVERSION = YES;
				CLANG_WARN_DEPRECATED_OBJC_IMPLEMENTATIONS = YES;
				CLANG_WARN_DIRECT_OBJC_ISA_USAGE = YES_ERROR;
				CLANG_WARN_DOCUMENTATION_COMMENTS = YES;
				CLANG_WARN_EMPTY_BODY = YES;
				CLANG_WARN_ENUM_CONVERSION = YES;
				CLANG_WARN_INFINITE_RECURSION = YES;
				CLANG_WARN_INT_CONVERSION = YES;
				CLANG_WARN_NON_LITERAL_NULL_CONVERSION = YES;
				CLANG_WARN_OBJC_IMPLICIT_RETAIN_SELF = YES;
				CLANG_WARN_OBJC_LITERAL_CONVERSION = YES;
				CLANG_WARN_OBJC_ROOT_CLASS = YES_ERROR;
				CLANG_WARN_RANGE_LOOP_ANALYSIS = YES;
				CLANG_WARN_STRICT_PROTOTYPES = YES;
				CLANG_WARN_SUSPICIOUS_MOVE = YES;
				CLANG_WARN_UNGUARDED_AVAILABILITY = YES_AGGRESSIVE;
				CLANG_WARN_UNREACHABLE_CODE = YES;
				CLANG_WARN__DUPLICATE_METHOD_MATCH = YES;
				CODE_SIGN_IDENTITY = "iPhone Developer";
				COPY_PHASE_STRIP = NO;
				DEBUG_INFORMATION_FORMAT = dwarf;
				ENABLE_STRICT_OBJC_MSGSEND = YES;
				ENABLE_TESTABILITY = YES;
				GCC_C_LANGUAGE_STANDARD = gnu11;
				GCC_DYNAMIC_NO_PIC = NO;
				GCC_NO_COMMON_BLOCKS = YES;
				GCC_OPTIMIZATION_LEVEL = 0;
				GCC_PREPROCESSOR_DEFINITIONS = (
					"DEBUG=1",
					"$(inherited)",
				);
				GCC_WARN_64_TO_32_BIT_CONVERSION = YES;
				GCC_WARN_ABOUT_RETURN_TYPE = YES_ERROR;
				GCC_WARN_UNDECLARED_SELECTOR = YES;
				GCC_WARN_UNINITIALIZED_AUTOS = YES_AGGRESSIVE;
				GCC_WARN_UNUSED_FUNCTION = YES;
				GCC_WARN_UNUSED_VARIABLE = YES;
				IPHONEOS_DEPLOYMENT_TARGET = 11.3;
				MTL_ENABLE_DEBUG_INFO = YES;
				ONLY_ACTIVE_ARCH = YES;
				SDKROOT = iphoneos;
				SWIFT_ACTIVE_COMPILATION_CONDITIONS = DEBUG;
				SWIFT_OPTIMIZATION_LEVEL = "-Onone";
			};
			name = Debug;
		};
		5E8C4DAC2090DD06007B66B0 /* Release */ = {
			isa = XCBuildConfiguration;
			buildSettings = {
				ALWAYS_SEARCH_USER_PATHS = NO;
				CLANG_ANALYZER_NONNULL = YES;
				CLANG_ANALYZER_NUMBER_OBJECT_CONVERSION = YES_AGGRESSIVE;
				CLANG_CXX_LANGUAGE_STANDARD = "gnu++14";
				CLANG_CXX_LIBRARY = "libc++";
				CLANG_ENABLE_MODULES = YES;
				CLANG_ENABLE_OBJC_ARC = YES;
				CLANG_ENABLE_OBJC_WEAK = YES;
				CLANG_WARN_BLOCK_CAPTURE_AUTORELEASING = YES;
				CLANG_WARN_BOOL_CONVERSION = YES;
				CLANG_WARN_COMMA = YES;
				CLANG_WARN_CONSTANT_CONVERSION = YES;
				CLANG_WARN_DEPRECATED_OBJC_IMPLEMENTATIONS = YES;
				CLANG_WARN_DIRECT_OBJC_ISA_USAGE = YES_ERROR;
				CLANG_WARN_DOCUMENTATION_COMMENTS = YES;
				CLANG_WARN_EMPTY_BODY = YES;
				CLANG_WARN_ENUM_CONVERSION = YES;
				CLANG_WARN_INFINITE_RECURSION = YES;
				CLANG_WARN_INT_CONVERSION = YES;
				CLANG_WARN_NON_LITERAL_NULL_CONVERSION = YES;
				CLANG_WARN_OBJC_IMPLICIT_RETAIN_SELF = YES;
				CLANG_WARN_OBJC_LITERAL_CONVERSION = YES;
				CLANG_WARN_OBJC_ROOT_CLASS = YES_ERROR;
				CLANG_WARN_RANGE_LOOP_ANALYSIS = YES;
				CLANG_WARN_STRICT_PROTOTYPES = YES;
				CLANG_WARN_SUSPICIOUS_MOVE = YES;
				CLANG_WARN_UNGUARDED_AVAILABILITY = YES_AGGRESSIVE;
				CLANG_WARN_UNREACHABLE_CODE = YES;
				CLANG_WARN__DUPLICATE_METHOD_MATCH = YES;
				CODE_SIGN_IDENTITY = "iPhone Developer";
				COPY_PHASE_STRIP = NO;
				DEBUG_INFORMATION_FORMAT = "dwarf-with-dsym";
				ENABLE_NS_ASSERTIONS = NO;
				ENABLE_STRICT_OBJC_MSGSEND = YES;
				GCC_C_LANGUAGE_STANDARD = gnu11;
				GCC_NO_COMMON_BLOCKS = YES;
				GCC_WARN_64_TO_32_BIT_CONVERSION = YES;
				GCC_WARN_ABOUT_RETURN_TYPE = YES_ERROR;
				GCC_WARN_UNDECLARED_SELECTOR = YES;
				GCC_WARN_UNINITIALIZED_AUTOS = YES_AGGRESSIVE;
				GCC_WARN_UNUSED_FUNCTION = YES;
				GCC_WARN_UNUSED_VARIABLE = YES;
				IPHONEOS_DEPLOYMENT_TARGET = 11.3;
				MTL_ENABLE_DEBUG_INFO = NO;
				SDKROOT = iphoneos;
				SWIFT_OPTIMIZATION_LEVEL = "-Owholemodule";
				VALIDATE_PRODUCT = YES;
			};
			name = Release;
		};
		5E8C4DAE2090DD06007B66B0 /* Debug */ = {
			isa = XCBuildConfiguration;
			buildSettings = {
				ASSETCATALOG_COMPILER_APPICON_NAME = AppIcon;
				CODE_SIGN_STYLE = Automatic;
				INFOPLIST_FILE = "Buble Game/Info.plist";
				IPHONEOS_DEPLOYMENT_TARGET = 9.0;
				LD_RUNPATH_SEARCH_PATHS = "$(inherited) @executable_path/Frameworks";
				PRODUCT_BUNDLE_IDENTIFIER = "Gorge.Buble-Game";
				PRODUCT_NAME = "$(TARGET_NAME)";
				SWIFT_VERSION = 4.0;
				TARGETED_DEVICE_FAMILY = "1,2";
			};
			name = Debug;
		};
		5E8C4DAF2090DD06007B66B0 /* Release */ = {
			isa = XCBuildConfiguration;
			buildSettings = {
				ASSETCATALOG_COMPILER_APPICON_NAME = AppIcon;
				CODE_SIGN_STYLE = Automatic;
				INFOPLIST_FILE = "Buble Game/Info.plist";
				IPHONEOS_DEPLOYMENT_TARGET = 9.0;
				LD_RUNPATH_SEARCH_PATHS = "$(inherited) @executable_path/Frameworks";
				PRODUCT_BUNDLE_IDENTIFIER = "Gorge.Buble-Game";
				PRODUCT_NAME = "$(TARGET_NAME)";
				SWIFT_VERSION = 4.0;
				TARGETED_DEVICE_FAMILY = "1,2";
			};
			name = Release;
		};
/* End XCBuildConfiguration section */

/* Begin XCConfigurationList section */
		5E8C4D962090DD04007B66B0 /* Build configuration list for PBXProject "Buble Game" */ = {
			isa = XCConfigurationList;
			buildConfigurations = (
				5E8C4DAB2090DD06007B66B0 /* Debug */,
				5E8C4DAC2090DD06007B66B0 /* Release */,
			);
			defaultConfigurationIsVisible = 0;
			defaultConfigurationName = Release;
		};
		5E8C4DAD2090DD06007B66B0 /* Build configuration list for PBXNativeTarget "Buble Game" */ = {
			isa = XCConfigurationList;
			buildConfigurations = (
				5E8C4DAE2090DD06007B66B0 /* Debug */,
				5E8C4DAF2090DD06007B66B0 /* Release */,
			);
			defaultConfigurationIsVisible = 0;
			defaultConfigurationName = Release;
		};
/* End XCConfigurationList section */
	};
	rootObject = 5E8C4D932090DD04007B66B0 /* Project object */;
}
